
Microsoft Visual Studio Solution File, Format Version 12.00
# Visual Studio Version 16
VisualStudioVersion = 16.0.29911.84
MinimumVisualStudioVersion = 10.0.40219.1
Project("{FAE04EC0-301F-11D3-BF4B-00C04F79EFBC}") = "Chapter3", "Chapter3\Chapter3.csproj", "{FC07F139-360E-4005-8A67-D0C4E6239CED}"
EndProject
Global
	GlobalSection(SolutionConfigurationPlatforms) = preSolution
		Debug|Any CPU = Debug|Any CPU
		Release|Any CPU = Release|Any CPU
	EndGlobalSection
	GlobalSection(ProjectConfigurationPlatforms) = postSolution
		{FC07F139-360E-4005-8A67-D0C4E6239CED}.Debug|Any CPU.ActiveCfg = Debug|Any CPU
		{FC07F139-360E-4005-8A67-D0C4E6239CED}.Debug|Any CPU.Build.0 = Debug|Any CPU
		{FC07F139-360E-4005-8A67-D0C4E6239CED}.Release|Any CPU.ActiveCfg = Release|Any CPU
		{FC07F139-360E-4005-8A67-D0C4E6239CED}.Release|Any CPU.Build.0 = Release|Any CPU
	EndGlobalSection
	GlobalSection(SolutionProperties) = preSolution
		HideSolutionNode = FALSE
	EndGlobalSection
	GlobalSection(ExtensibilityGlobals) = postSolution
		SolutionGuid = {24769B07-3EBE-4546-9CA2-80ED806DA822}
	EndGlobalSection
EndGlobal
